
Microsoft Visual Studio Solution File, Format Version 12.00
# Visual Studio Version 17
VisualStudioVersion = 17.8.34330.188
MinimumVisualStudioVersion = 10.0.40219.1
Project("{2150E333-8FDC-42A3-9474-1A3956D46DE8}") = "HTML", "HTML", "{931B68F3-27FA-4157-B6D0-1974CFAF2607}"
	ProjectSection(SolutionItems) = preProject
		HTML\Password-Manager.html = HTML\Password-Manager.html
	EndProjectSection
EndProject
Project("{2150E333-8FDC-42A3-9474-1A3956D46DE8}") = "Scripts", "Scripts", "{C044EDF8-B828-49BE-B3C2-F3F50F0853EF}"
EndProject
Project("{2150E333-8FDC-42A3-9474-1A3956D46DE8}") = "CSS", "CSS", "{DE8D9296-2C1A-464F-A038-E84678E79662}"
EndProject
Global
	GlobalSection(SolutionProperties) = preSolution
		HideSolutionNode = FALSE
	EndGlobalSection
	GlobalSection(ExtensibilityGlobals) = postSolution
		SolutionGuid = {A2FDFD1D-F93C-4790-A7C6-20C407413B17}
	EndGlobalSection
EndGlobal
